
Microsoft Visual Studio Solution File, Format Version 12.00
# Visual Studio Version 17
VisualStudioVersion = 17.2.32616.157
MinimumVisualStudioVersion = 10.0.40219.1
Project("{FAE04EC0-301F-11D3-BF4B-00C04F79EFBC}") = "LojaAPI", "LojaAPI.csproj", "{83850CCE-89D9-4872-BABF-EFCADEB2F698}"
EndProject
Project("{FAE04EC0-301F-11D3-BF4B-00C04F79EFBC}") = "Loja.Application", "..\Loja.Application\Loja.Application.csproj", "{BF10042E-8A84-4718-83C0-3BF262432978}"
EndProject
Project("{FAE04EC0-301F-11D3-BF4B-00C04F79EFBC}") = "Loja.Domain", "..\Loja.Domain\Loja.Domain.csproj", "{00B37925-40A3-411C-AFB5-7EDECA57FFDB}"
EndProject
Project("{FAE04EC0-301F-11D3-BF4B-00C04F79EFBC}") = "Loja.Infra.Data", "..\Loja.Infra.Data\Loja.Infra.Data.csproj", "{DF06B4E8-EA05-43CC-B958-2D3133513200}"
EndProject
Project("{FAE04EC0-301F-11D3-BF4B-00C04F79EFBC}") = "Loja.Infra.IoC", "..\Loja.Infra.IoC\Loja.Infra.IoC.csproj", "{56E136DF-BFC1-46EF-A1A9-EFCFEE3F6554}"
EndProject
Global
	GlobalSection(SolutionConfigurationPlatforms) = preSolution
		Debug|Any CPU = Debug|Any CPU
		Release|Any CPU = Release|Any CPU
	EndGlobalSection
	GlobalSection(ProjectConfigurationPlatforms) = postSolution
		{83850CCE-89D9-4872-BABF-EFCADEB2F698}.Debug|Any CPU.ActiveCfg = Debug|Any CPU
		{83850CCE-89D9-4872-BABF-EFCADEB2F698}.Debug|Any CPU.Build.0 = Debug|Any CPU
		{83850CCE-89D9-4872-BABF-EFCADEB2F698}.Release|Any CPU.ActiveCfg = Release|Any CPU
		{83850CCE-89D9-4872-BABF-EFCADEB2F698}.Release|Any CPU.Build.0 = Release|Any CPU
		{BF10042E-8A84-4718-83C0-3BF262432978}.Debug|Any CPU.ActiveCfg = Debug|Any CPU
		{BF10042E-8A84-4718-83C0-3BF262432978}.Debug|Any CPU.Build.0 = Debug|Any CPU
		{BF10042E-8A84-4718-83C0-3BF262432978}.Release|Any CPU.ActiveCfg = Release|Any CPU
		{BF10042E-8A84-4718-83C0-3BF262432978}.Release|Any CPU.Build.0 = Release|Any CPU
		{00B37925-40A3-411C-AFB5-7EDECA57FFDB}.Debug|Any CPU.ActiveCfg = Debug|Any CPU
		{00B37925-40A3-411C-AFB5-7EDECA57FFDB}.Debug|Any CPU.Build.0 = Debug|Any CPU
		{00B37925-40A3-411C-AFB5-7EDECA57FFDB}.Release|Any CPU.ActiveCfg = Release|Any CPU
		{00B37925-40A3-411C-AFB5-7EDECA57FFDB}.Release|Any CPU.Build.0 = Release|Any CPU
		{DF06B4E8-EA05-43CC-B958-2D3133513200}.Debug|Any CPU.ActiveCfg = Debug|Any CPU
		{DF06B4E8-EA05-43CC-B958-2D3133513200}.Debug|Any CPU.Build.0 = Debug|Any CPU
		{DF06B4E8-EA05-43CC-B958-2D3133513200}.Release|Any CPU.ActiveCfg = Release|Any CPU
		{DF06B4E8-EA05-43CC-B958-2D3133513200}.Release|Any CPU.Build.0 = Release|Any CPU
		{56E136DF-BFC1-46EF-A1A9-EFCFEE3F6554}.Debug|Any CPU.ActiveCfg = Debug|Any CPU
		{56E136DF-BFC1-46EF-A1A9-EFCFEE3F6554}.Debug|Any CPU.Build.0 = Debug|Any CPU
		{56E136DF-BFC1-46EF-A1A9-EFCFEE3F6554}.Release|Any CPU.ActiveCfg = Release|Any CPU
		{56E136DF-BFC1-46EF-A1A9-EFCFEE3F6554}.Release|Any CPU.Build.0 = Release|Any CPU
	EndGlobalSection
	GlobalSection(SolutionProperties) = preSolution
		HideSolutionNode = FALSE
	EndGlobalSection
	GlobalSection(ExtensibilityGlobals) = postSolution
		SolutionGuid = {F7FDBC38-1230-4468-AB7C-1425F43FD317}
	EndGlobalSection
EndGlobal
